
Microsoft Visual Studio Solution File, Format Version 12.00
# Visual Studio Version 17
VisualStudioVersion = 17.13.35931.197 d17.13
MinimumVisualStudioVersion = 10.0.40219.1
Project("{FAE04EC0-301F-11D3-BF4B-00C04F79EFBC}") = "DefaultHitmanContractPack", "DefaultHitmanContractPack\DefaultHitmanContractPack.csproj", "{AAC546A1-5135-4318-8E42-C96B44BBC61A}"
EndProject
Global
	GlobalSection(SolutionConfigurationPlatforms) = preSolution
		Debug|Any CPU = Debug|Any CPU
		Release|Any CPU = Release|Any CPU
	EndGlobalSection
	GlobalSection(ProjectConfigurationPlatforms) = postSolution
		{AAC546A1-5135-4318-8E42-C96B44BBC61A}.Debug|Any CPU.ActiveCfg = Debug|Any CPU
		{AAC546A1-5135-4318-8E42-C96B44BBC61A}.Debug|Any CPU.Build.0 = Debug|Any CPU
		{AAC546A1-5135-4318-8E42-C96B44BBC61A}.Release|Any CPU.ActiveCfg = Release|Any CPU
		{AAC546A1-5135-4318-8E42-C96B44BBC61A}.Release|Any CPU.Build.0 = Release|Any CPU
	EndGlobalSection
	GlobalSection(SolutionProperties) = preSolution
		HideSolutionNode = FALSE
	EndGlobalSection
	GlobalSection(ExtensibilityGlobals) = postSolution
		SolutionGuid = {13ECBEDB-10A9-4989-9649-975E57BCC45B}
	EndGlobalSection
EndGlobal
